<?xml version="1.0" encoding="utf-8"?>
<Project ToolsVersion="4.0" xmlns="http://schemas.microsoft.com/developer/msbuild/2003">
  <ItemGroup>
    <Filter Include="Source Files">
      <UniqueIdentifier>{4FC737F1-C7A5-4376-A066-2A32D752A2FF}</UniqueIdentifier>
      <Extensions>cpp;c;cc;cxx;def;odl;idl;hpj;bat;asm;asmx</Extensions>
    </Filter>
    <Filter Include="Header Files">
      <UniqueIdentifier>{93995380-89BD-4b04-88EB-625FBE52EBFB}</UniqueIdentifier>
      <Extensions>h;hh;hpp;hxx;hm;inl;inc;xsd</Extensions>
    </Filter>
    <Filter Include="Resource Files">
      <UniqueIdentifier>{67DA6AB6-F800-4c08-8B7A-83BB121AAD01}</UniqueIdentifier>
      <Extensions>rc;ico;cur;bmp;dlg;rc2;rct;bin;rgs;gif;jpg;jpeg;jpe;resx;tiff;tif;png;wav;mfcribbon-ms</Extensions>
    </Filter>
    <Filter Include="Source Files\MemoryManager">
      <UniqueIdentifier>{7bb22225-d59d-4cb5-bb3a-5eacfd617a48}</UniqueIdentifier>
    </Filter>
    <Filter Include="Header Files\MemoryManager">
      <UniqueIdentifier>{339e4bc0-8783-42bd-ad5b-cfb518e8c384}</UniqueIdentifier>
    </Filter>
    <Filter Include="Header Files\Math">
      <UniqueIdentifier>{084d14ec-c294-4499-91f0-e5ec0676750a}</UniqueIdentifier>
    </Filter>
    <Filter Include="Source Files\Math">
      <UniqueIdentifier>{35b817a6-95f3-4469-87f2-625d14849a72}</UniqueIdentifier>
    </Filter>
  </ItemGroup>
  <ItemGroup>
    <ClInclude Include="MemoryManager\MemoryManager.h">
      <Filter>Header Files\MemoryManager</Filter>
    </ClInclude>
    <ClInclude Include="CommonHelpers.h">
      <Filter>Header Files</Filter>
    </ClInclude>
    <ClInclude Include="MemoryManager\BlockAllocator.h">
      <Filter>Header Files\MemoryManager</Filter>
    </ClInclude>
    <ClInclude Include="Math\GVectorFAVX.h">
      <Filter>Header Files\Math</Filter>
    </ClInclude>
    <ClInclude Include="Math\Math.h">
      <Filter>Header Files\Math</Filter>
    </ClInclude>
    <ClInclude Include="Math\SimpleMath.h">
      <Filter>Header Files\Math</Filter>
    </ClInclude>
    <ClInclude Include="Config.h">
      <Filter>Header Files</Filter>
    </ClInclude>
    <ClInclude Include="LowLevel\EventQueue.h">
      <Filter>Header Files</Filter>
    </ClInclude>
    <ClInclude Include="LowLevel\Logger.h">
      <Filter>Header Files</Filter>
    </ClInclude>
    <ClInclude Include="LowLevel\MessageBus.h">
      <Filter>Header Files</Filter>
    </ClInclude>
  </ItemGroup>
  <ItemGroup>
    <ClCompile Include="MemoryManager\MemoryManager.cpp">
      <Filter>Source Files\MemoryManager</Filter>
    </ClCompile>
    <ClCompile Include="main.cpp">
      <Filter>Source Files</Filter>
    </ClCompile>
    <ClCompile Include="MemoryManager\BlockAllocator.cpp">
      <Filter>Source Files\MemoryManager</Filter>
    </ClCompile>
    <ClCompile Include="CommonHelpers.cpp">
      <Filter>Source Files</Filter>
    </ClCompile>
    <ClCompile Include="Math\GVectorFAVX.cpp">
      <Filter>Source Files\Math</Filter>
    </ClCompile>
    <ClCompile Include="Math\SimpleMath.cpp">
      <Filter>Source Files\Math</Filter>
    </ClCompile>
    <ClCompile Include="LowLevel\EventQueue.cpp">
      <Filter>Source Files</Filter>
    </ClCompile>
    <ClCompile Include="LowLevel\MessageBus.cpp">
      <Filter>Source Files</Filter>
    </ClCompile>
  </ItemGroup>
</Project>